
Microsoft Visual Studio Solution File, Format Version 12.00
# Visual Studio Version 16
VisualStudioVersion = 16.0.29326.143
MinimumVisualStudioVersion = 10.0.40219.1
Project("{9A19103F-16F7-4668-BE54-9A1E7A4F7556}") = "LoginAPI", "LoginAPI\LoginAPI.csproj", "{7F93863B-E114-4407-BA8F-F8B8F4A65455}"
EndProject
Global
	GlobalSection(SolutionConfigurationPlatforms) = preSolution
		Debug|Any CPU = Debug|Any CPU
		Release|Any CPU = Release|Any CPU
	EndGlobalSection
	GlobalSection(ProjectConfigurationPlatforms) = postSolution
		{7F93863B-E114-4407-BA8F-F8B8F4A65455}.Debug|Any CPU.ActiveCfg = Debug|Any CPU
		{7F93863B-E114-4407-BA8F-F8B8F4A65455}.Debug|Any CPU.Build.0 = Debug|Any CPU
		{7F93863B-E114-4407-BA8F-F8B8F4A65455}.Release|Any CPU.ActiveCfg = Release|Any CPU
		{7F93863B-E114-4407-BA8F-F8B8F4A65455}.Release|Any CPU.Build.0 = Release|Any CPU
	EndGlobalSection
	GlobalSection(SolutionProperties) = preSolution
		HideSolutionNode = FALSE
	EndGlobalSection
	GlobalSection(ExtensibilityGlobals) = postSolution
		SolutionGuid = {FB8CB1A2-F06B-4052-948D-079297B57A5C}
	EndGlobalSection
EndGlobal
